# This file is automatically generated by FOUNDRY.
# Do not edit this file manually.
# Instead, run `forge install` to install dependencies.

[metadata]
checksum = "b8c2d500a15b1b190667b968c50fbd7b60b8b8c0"
last_modified = 1700000000
version = 1

[profile.default]
auto_detect_solc = true
bytecode_hash = "none"
cbor_metadata = true
evm_version = "shanghai"
extra_output = ["metadata", "storageLayout"]
extra_output_files = ["metadata", "storageLayout"]
ffi = false
force = false
fs_permissions = [{ access = "read", path = "." }]
gas_reports = ["*"]
ignored_error_codes = []
include_storage = true
libs = ["lib"]
no_auto_detect_solc = false
no_bytecode_hash = false
no_cbor_metadata = false
no_metadata = false
no_storage = false
optimizer = true
optimizer_runs = 200
out = "out"
remappings = ["@openzeppelin/contracts/=lib/openzeppelin-contracts/contracts/"]
solc = "0.8.30"
solc_version = "0.8.30"
src = "src"
test = "test"
verbosity = 2
via_ir = false

[profile.default.ci]
fuzz = { runs = 10000 }
invariant = { runs = 256, depth = 15, fail_on_revert = false, call_override = false }
